// !$*UTF8*$!
{
	archiveVersion = 1;
	classes = {
	};
	objectVersion = 46;
	objects = {

/* Begin PBXBuildFile section */
		187386411D86E808007430AB /* AppDelegate.swift in Sources */ = {isa = PBXBuildFile; fileRef = 187386401D86E808007430AB /* AppDelegate.swift */; };
		187386431D86E808007430AB /* ViewController.swift in Sources */ = {isa = PBXBuildFile; fileRef = 187386421D86E808007430AB /* ViewController.swift */; };
		187386461D86E808007430AB /* Main.storyboard in Resources */ = {isa = PBXBuildFile; fileRef = 187386441D86E808007430AB /* Main.storyboard */; };
		187386481D86E808007430AB /* Assets.xcassets in Resources */ = {isa = PBXBuildFile; fileRef = 187386471D86E808007430AB /* Assets.xcassets */; };
		1873864B1D86E808007430AB /* LaunchScreen.storyboard in Resources */ = {isa = PBXBuildFile; fileRef = 187386491D86E808007430AB /* LaunchScreen.storyboard */; };
		187386541D86FBB1007430AB /* Post.swift in Sources */ = {isa = PBXBuildFile; fileRef = 187386531D86FBB1007430AB /* Post.swift */; };
		187386571D8746AF007430AB /* PostCellTableViewCell.swift in Sources */ = {isa = PBXBuildFile; fileRef = 187386561D8746AF007430AB /* PostCellTableViewCell.swift */; };
		1873865A1D875077007430AB /* AddPostVC.swift in Sources */ = {isa = PBXBuildFile; fileRef = 187386591D875077007430AB /* AddPostVC.swift */; };
		18E3D5B01D8C2FD00074610E /* DataService.swift in Sources */ = {isa = PBXBuildFile; fileRef = 18E3D5AF1D8C2FD00074610E /* DataService.swift */; };
/* End PBXBuildFile section */

/* Begin PBXFileReference section */
		1873863D1D86E807007430AB /* my-hood.app */ = {isa = PBXFileReference; explicitFileType = wrapper.application; includeInIndex = 0; path = "my-hood.app"; sourceTree = BUILT_PRODUCTS_DIR; };
		187386401D86E808007430AB /* AppDelegate.swift */ = {isa = PBXFileReference; lastKnownFileType = sourcecode.swift; path = AppDelegate.swift; sourceTree = "<group>"; };
		187386421D86E808007430AB /* ViewController.swift */ = {isa = PBXFileReference; lastKnownFileType = sourcecode.swift; path = ViewController.swift; sourceTree = "<group>"; };
		187386451D86E808007430AB /* Base */ = {isa = PBXFileReference; lastKnownFileType = file.storyboard; name = Base; path = Base.lproj/Main.storyboard; sourceTree = "<group>"; };
		187386471D86E808007430AB /* Assets.xcassets */ = {isa = PBXFileReference; lastKnownFileType = folder.assetcatalog; path = Assets.xcassets; sourceTree = "<group>"; };
		1873864A1D86E808007430AB /* Base */ = {isa = PBXFileReference; lastKnownFileType = file.storyboard; name = Base; path = Base.lproj/LaunchScreen.storyboard; sourceTree = "<group>"; };
		1873864C1D86E808007430AB /* Info.plist */ = {isa = PBXFileReference; lastKnownFileType = text.plist.xml; path = Info.plist; sourceTree = "<group>"; };
		187386531D86FBB1007430AB /* Post.swift */ = {isa = PBXFileReference; fileEncoding = 4; lastKnownFileType = sourcecode.swift; path = Post.swift; sourceTree = "<group>"; };
		187386561D8746AF007430AB /* PostCellTableViewCell.swift */ = {isa = PBXFileReference; fileEncoding = 4; lastKnownFileType = sourcecode.swift; path = PostCellTableViewCell.swift; sourceTree = "<group>"; };
		187386591D875077007430AB /* AddPostVC.swift */ = {isa = PBXFileReference; fileEncoding = 4; lastKnownFileType = sourcecode.swift; path = AddPostVC.swift; sourceTree = "<group>"; };
		18E3D5AF1D8C2FD00074610E /* DataService.swift */ = {isa = PBXFileReference; fileEncoding = 4; lastKnownFileType = sourcecode.swift; path = DataService.swift; sourceTree = "<group>"; };
/* End PBXFileReference section */

/* Begin PBXFrameworksBuildPhase section */
		1873863A1D86E807007430AB /* Frameworks */ = {
			isa = PBXFrameworksBuildPhase;
			buildActionMask = 2147483647;
			files = (
			);
			runOnlyForDeploymentPostprocessing = 0;
		};
/* End PBXFrameworksBuildPhase section */

/* Begin PBXGroup section */
		187386341D86E807007430AB = {
			isa = PBXGroup;
			children = (
				1873863F1D86E808007430AB /* my-hood */,
				1873863E1D86E807007430AB /* Products */,
			);
			sourceTree = "<group>";
		};
		1873863E1D86E807007430AB /* Products */ = {
			isa = PBXGroup;
			children = (
				1873863D1D86E807007430AB /* my-hood.app */,
			);
			name = Products;
			sourceTree = "<group>";
		};
		1873863F1D86E808007430AB /* my-hood */ = {
			isa = PBXGroup;
			children = (
				18E3D5AE1D8C2FC10074610E /* Services */,
				187386521D86FBA1007430AB /* Model */,
				187386551D87468A007430AB /* View */,
				187386581D874FFE007430AB /* Controller */,
				187386471D86E808007430AB /* Assets.xcassets */,
				187386401D86E808007430AB /* AppDelegate.swift */,
				1873864C1D86E808007430AB /* Info.plist */,
			);
			path = "my-hood";
			sourceTree = "<group>";
		};
		187386521D86FBA1007430AB /* Model */ = {
			isa = PBXGroup;
			children = (
				187386531D86FBB1007430AB /* Post.swift */,
			);
			name = Model;
			sourceTree = "<group>";
		};
		187386551D87468A007430AB /* View */ = {
			isa = PBXGroup;
			children = (
				187386561D8746AF007430AB /* PostCellTableViewCell.swift */,
				187386491D86E808007430AB /* LaunchScreen.storyboard */,
			);
			name = View;
			sourceTree = "<group>";
		};
		187386581D874FFE007430AB /* Controller */ = {
			isa = PBXGroup;
			children = (
				187386421D86E808007430AB /* ViewController.swift */,
				187386441D86E808007430AB /* Main.storyboard */,
				187386591D875077007430AB /* AddPostVC.swift */,
			);
			name = Controller;
			sourceTree = "<group>";
		};
		18E3D5AE1D8C2FC10074610E /* Services */ = {
			isa = PBXGroup;
			children = (
				18E3D5AF1D8C2FD00074610E /* DataService.swift */,
			);
			name = Services;
			sourceTree = "<group>";
		};
/* End PBXGroup section */

/* Begin PBXNativeTarget section */
		1873863C1D86E807007430AB /* my-hood */ = {
			isa = PBXNativeTarget;
			buildConfigurationList = 1873864F1D86E808007430AB /* Build configuration list for PBXNativeTarget "my-hood" */;
			buildPhases = (
				187386391D86E807007430AB /* Sources */,
				1873863A1D86E807007430AB /* Frameworks */,
				1873863B1D86E807007430AB /* Resources */,
			);
			buildRules = (
			);
			dependencies = (
			);
			name = "my-hood";
			productName = "my-hood";
			productReference = 1873863D1D86E807007430AB /* my-hood.app */;
			productType = "com.apple.product-type.application";
		};
/* End PBXNativeTarget section */

/* Begin PBXProject section */
		187386351D86E807007430AB /* Project object */ = {
			isa = PBXProject;
			attributes = {
				LastSwiftUpdateCheck = 0730;
				LastUpgradeCheck = 0800;
				ORGANIZATIONNAME = "Nathan Worcester";
				TargetAttributes = {
					1873863C1D86E807007430AB = {
						CreatedOnToolsVersion = 7.3.1;
						DevelopmentTeam = SK682YE4Q7;
						LastSwiftMigration = 0800;
					};
				};
			};
			buildConfigurationList = 187386381D86E807007430AB /* Build configuration list for PBXProject "my-hood" */;
			compatibilityVersion = "Xcode 3.2";
			developmentRegion = English;
			hasScannedForEncodings = 0;
			knownRegions = (
				en,
				Base,
			);
			mainGroup = 187386341D86E807007430AB;
			productRefGroup = 1873863E1D86E807007430AB /* Products */;
			projectDirPath = "";
			projectRoot = "";
			targets = (
				1873863C1D86E807007430AB /* my-hood */,
			);
		};
/* End PBXProject section */

/* Begin PBXResourcesBuildPhase section */
		1873863B1D86E807007430AB /* Resources */ = {
			isa = PBXResourcesBuildPhase;
			buildActionMask = 2147483647;
			files = (
				1873864B1D86E808007430AB /* LaunchScreen.storyboard in Resources */,
				187386481D86E808007430AB /* Assets.xcassets in Resources */,
				187386461D86E808007430AB /* Main.storyboard in Resources */,
			);
			runOnlyForDeploymentPostprocessing = 0;
		};
/* End PBXResourcesBuildPhase section */

/* Begin PBXSourcesBuildPhase section */
		187386391D86E807007430AB /* Sources */ = {
			isa = PBXSourcesBuildPhase;
			buildActionMask = 2147483647;
			files = (
				187386541D86FBB1007430AB /* Post.swift in Sources */,
				187386431D86E808007430AB /* ViewController.swift in Sources */,
				1873865A1D875077007430AB /* AddPostVC.swift in Sources */,
				18E3D5B01D8C2FD00074610E /* DataService.swift in Sources */,
				187386411D86E808007430AB /* AppDelegate.swift in Sources */,
				187386571D8746AF007430AB /* PostCellTableViewCell.swift in Sources */,
			);
			runOnlyForDeploymentPostprocessing = 0;
		};
/* End PBXSourcesBuildPhase section */

/* Begin PBXVariantGroup section */
		187386441D86E808007430AB /* Main.storyboard */ = {
			isa = PBXVariantGroup;
			children = (
				187386451D86E808007430AB /* Base */,
			);
			name = Main.storyboard;
			sourceTree = "<group>";
		};
		187386491D86E808007430AB /* LaunchScreen.storyboard */ = {
			isa = PBXVariantGroup;
			children = (
				1873864A1D86E808007430AB /* Base */,
			);
			name = LaunchScreen.storyboard;
			sourceTree = "<group>";
		};
/* End PBXVariantGroup section */

/* Begin XCBuildConfiguration section */
		1873864D1D86E808007430AB /* Debug */ = {
			isa = XCBuildConfiguration;
			buildSettings = {
				ALWAYS_SEARCH_USER_PATHS = NO;
				CLANG_ANALYZER_NONNULL = YES;
				CLANG_CXX_LANGUAGE_STANDARD = "gnu++0x";
				CLANG_CXX_LIBRARY = "libc++";
				CLANG_ENABLE_MODULES = YES;
				CLANG_ENABLE_OBJC_ARC = YES;
				CLANG_WARN_BOOL_CONVERSION = YES;
				CLANG_WARN_CONSTANT_CONVERSION = YES;
				CLANG_WARN_DIRECT_OBJC_ISA_USAGE = YES_ERROR;
				CLANG_WARN_EMPTY_BODY = YES;
				CLANG_WARN_ENUM_CONVERSION = YES;
				CLANG_WARN_INFINITE_RECURSION = YES;
				CLANG_WARN_INT_CONVERSION = YES;
				CLANG_WARN_OBJC_ROOT_CLASS = YES_ERROR;
				CLANG_WARN_SUSPICIOUS_MOVE = YES;
				CLANG_WARN_UNREACHABLE_CODE = YES;
				CLANG_WARN__DUPLICATE_METHOD_MATCH = YES;
				"CODE_SIGN_IDENTITY[sdk=iphoneos*]" = "iPhone Developer";
				COPY_PHASE_STRIP = NO;
				DEBUG_INFORMATION_FORMAT = dwarf;
				ENABLE_STRICT_OBJC_MSGSEND = YES;
				ENABLE_TESTABILITY = YES;
				GCC_C_LANGUAGE_STANDARD = gnu99;
				GCC_DYNAMIC_NO_PIC = NO;
				GCC_NO_COMMON_BLOCKS = YES;
				GCC_OPTIMIZATION_LEVEL = 0;
				GCC_PREPROCESSOR_DEFINITIONS = (
					"DEBUG=1",
					"$(inherited)",
				);
				GCC_WARN_64_TO_32_BIT_CONVERSION = YES;
				GCC_WARN_ABOUT_RETURN_TYPE = YES_ERROR;
				GCC_WARN_UNDECLARED_SELECTOR = YES;
				GCC_WARN_UNINITIALIZED_AUTOS = YES_AGGRESSIVE;
				GCC_WARN_UNUSED_FUNCTION = YES;
				GCC_WARN_UNUSED_VARIABLE = YES;
				IPHONEOS_DEPLOYMENT_TARGET = 9.3;
				MTL_ENABLE_DEBUG_INFO = YES;
				ONLY_ACTIVE_ARCH = YES;
				SDKROOT = iphoneos;
				SWIFT_OPTIMIZATION_LEVEL = "-Onone";
				TARGETED_DEVICE_FAMILY = "1,2";
			};
			name = Debug;
		};
		1873864E1D86E808007430AB /* Release */ = {
			isa = XCBuildConfiguration;
			buildSettings = {
				ALWAYS_SEARCH_USER_PATHS = NO;
				CLANG_ANALYZER_NONNULL = YES;
				CLANG_CXX_LANGUAGE_STANDARD = "gnu++0x";
				CLANG_CXX_LIBRARY = "libc++";
				CLANG_ENABLE_MODULES = YES;
				CLANG_ENABLE_OBJC_ARC = YES;
				CLANG_WARN_BOOL_CONVERSION = YES;
				CLANG_WARN_CONSTANT_CONVERSION = YES;
				CLANG_WARN_DIRECT_OBJC_ISA_USAGE = YES_ERROR;
				CLANG_WARN_EMPTY_BODY = YES;
				CLANG_WARN_ENUM_CONVERSION = YES;
				CLANG_WARN_INFINITE_RECURSION = YES;
				CLANG_WARN_INT_CONVERSION = YES;
				CLANG_WARN_OBJC_ROOT_CLASS = YES_ERROR;
				CLANG_WARN_SUSPICIOUS_MOVE = YES;
				CLANG_WARN_UNREACHABLE_CODE = YES;
				CLANG_WARN__DUPLICATE_METHOD_MATCH = YES;
				"CODE_SIGN_IDENTITY[sdk=iphoneos*]" = "iPhone Developer";
				COPY_PHASE_STRIP = NO;
				DEBUG_INFORMATION_FORMAT = "dwarf-with-dsym";
				ENABLE_NS_ASSERTIONS = NO;
				ENABLE_STRICT_OBJC_MSGSEND = YES;
				GCC_C_LANGUAGE_STANDARD = gnu99;
				GCC_NO_COMMON_BLOCKS = YES;
				GCC_WARN_64_TO_32_BIT_CONVERSION = YES;
				GCC_WARN_ABOUT_RETURN_TYPE = YES_ERROR;
				GCC_WARN_UNDECLARED_SELECTOR = YES;
				GCC_WARN_UNINITIALIZED_AUTOS = YES_AGGRESSIVE;
				GCC_WARN_UNUSED_FUNCTION = YES;
				GCC_WARN_UNUSED_VARIABLE = YES;
				IPHONEOS_DEPLOYMENT_TARGET = 9.3;
				MTL_ENABLE_DEBUG_INFO = NO;
				SDKROOT = iphoneos;
				SWIFT_OPTIMIZATION_LEVEL = "-Owholemodule";
				TARGETED_DEVICE_FAMILY = "1,2";
				VALIDATE_PRODUCT = YES;
			};
			name = Release;
		};
		187386501D86E808007430AB /* Debug */ = {
			isa = XCBuildConfiguration;
			buildSettings = {
				ASSETCATALOG_COMPILER_APPICON_NAME = AppIcon;
				CODE_SIGN_IDENTITY = "iPhone Developer";
				INFOPLIST_FILE = "my-hood/Info.plist";
				LD_RUNPATH_SEARCH_PATHS = "$(inherited) @executable_path/Frameworks";
				PRODUCT_BUNDLE_IDENTIFIER = "NW.my-hood";
				PRODUCT_NAME = "$(TARGET_NAME)";
				SWIFT_VERSION = 2.3;
			};
			name = Debug;
		};
		187386511D86E808007430AB /* Release */ = {
			isa = XCBuildConfiguration;
			buildSettings = {
				ASSETCATALOG_COMPILER_APPICON_NAME = AppIcon;
				CODE_SIGN_IDENTITY = "iPhone Developer";
				INFOPLIST_FILE = "my-hood/Info.plist";
				LD_RUNPATH_SEARCH_PATHS = "$(inherited) @executable_path/Frameworks";
				PRODUCT_BUNDLE_IDENTIFIER = "NW.my-hood";
				PRODUCT_NAME = "$(TARGET_NAME)";
				SWIFT_VERSION = 2.3;
			};
			name = Release;
		};
/* End XCBuildConfiguration section */

/* Begin XCConfigurationList section */
		187386381D86E807007430AB /* Build configuration list for PBXProject "my-hood" */ = {
			isa = XCConfigurationList;
			buildConfigurations = (
				1873864D1D86E808007430AB /* Debug */,
				1873864E1D86E808007430AB /* Release */,
			);
			defaultConfigurationIsVisible = 0;
			defaultConfigurationName = Release;
		};
		1873864F1D86E808007430AB /* Build configuration list for PBXNativeTarget "my-hood" */ = {
			isa = XCConfigurationList;
			buildConfigurations = (
				187386501D86E808007430AB /* Debug */,
				187386511D86E808007430AB /* Release */,
			);
			defaultConfigurationIsVisible = 0;
			defaultConfigurationName = Release;
		};
/* End XCConfigurationList section */
	};
	rootObject = 187386351D86E807007430AB /* Project object */;
}
